# This file is autogenerated, do not edit; changes may be undone by the next 'dep ensure'.


[[projects]]
  branch = "mips"
  name = "periph.io/x/periph"
  packages = [
    ".",
    "conn",
    "conn/gpio",
    "conn/gpio/gpioreg",
    "conn/gpio/gpiostream",
    "conn/i2c",
    "conn/i2c/i2creg",
    "conn/physic",
    "conn/pin",
    "conn/pin/pinreg",
    "conn/spi",
    "conn/spi/spireg",
    "host",
    "host/allwinner",
    "host/am335x",
    "host/bcm283x",
    "host/beagle/black",
    "host/beagle/bone",
    "host/beagle/green",
    "host/chip",
    "host/cpu",
    "host/distro",
    "host/fs",
    "host/odroidc1",
    "host/pine64",
    "host/pmem",
    "host/rpi",
    "host/sysfs",
    "host/videocore"
  ]
  revision = "a146365a6000bd29b25ebe53c61862ad033519cb"

[solve-meta]
  analyzer-name = "dep"
  analyzer-version = 1
  inputs-digest = "d723e1374350fca4b0aeb31d868f3d0d9f8a7d5232243c3db54200515b272222"
  solver-name = "gps-cdcl"
  solver-version = 1
