# This file is autogenerated, do not edit; changes may be undone by the next 'dep ensure'.


[[projects]]
  branch = "master"
  name = "golang.org/x/exp"
  packages = [
    "io/spi",
    "io/spi/driver"
  ]
  revision = "8026287ed771db5931f67f4b748bc9a81dfdf223"
  source = "github.com/svenschwermer/golang.org-x-exp"

[solve-meta]
  analyzer-name = "dep"
  analyzer-version = 1
  inputs-digest = "8e0db05e70fc920ea3fc394ebb3201c9f46649bfdfaa7bc433c071a11a606b0c"
  solver-name = "gps-cdcl"
  solver-version = 1
